{
  "version": 4,
  "terraform_version": "1.2.4",
  "serial": 8,
  "lineage": "c32c36eb-907b-b66b-23d7-3fae4276a80e",
  "outputs": {
    "external_ip_address_docker": {
      "value": [
        "84.201.131.215"
      ],
      "type": [
        "tuple",
        [
          "string"
        ]
      ]
    }
  },
  "resources": [
    {
      "module": "module.app",
      "mode": "managed",
      "type": "local_file",
      "name": "inventory",
      "provider": "provider[\"registry.terraform.io/hashicorp/local\"]",
      "instances": [
        {
          "schema_version": 0,
          "attributes": {
            "content": "[docker_hosts]\n84.201.131.215\n",
            "content_base64": null,
            "directory_permission": "0777",
            "file_permission": "0777",
            "filename": "../ansible/inventory.ini",
            "id": "88893744e8e56ae3ab1f95b19e5b21cebcf46d71",
            "sensitive_content": null,
            "source": null
          },
          "sensitive_attributes": [],
          "private": "bnVsbA==",
          "dependencies": [
            "module.app.yandex_compute_instance.app",
            "module.vpc.yandex_vpc_subnet.app-subnet"
          ]
        }
      ]
    },
    {
      "module": "module.app",
      "mode": "managed",
      "type": "yandex_compute_instance",
      "name": "app",
      "provider": "provider[\"registry.terraform.io/yandex-cloud/yandex\"]",
      "instances": [
        {
          "index_key": 0,
          "schema_version": 1,
          "attributes": {
            "allow_recreate": null,
            "allow_stopping_for_update": null,
            "boot_disk": [
              {
                "auto_delete": true,
                "device_name": "fhmsforh7ed6uhrejoff",
                "disk_id": "fhmsforh7ed6uhrejoff",
                "initialize_params": [
                  {
                    "block_size": 4096,
                    "description": "",
                    "image_id": "fd887idda5cn5ioqbed4",
                    "name": "",
                    "size": 10,
                    "snapshot_id": "",
                    "type": "network-hdd"
                  }
                ],
                "mode": "READ_WRITE"
              }
            ],
            "created_at": "2022-08-29T16:13:33Z",
            "description": "",
            "folder_id": "b1grbdil1gurdt2q4rvj",
            "fqdn": "fhm1nf7pkv71q69npj9m.auto.internal",
            "hostname": "",
            "id": "fhm1nf7pkv71q69npj9m",
            "labels": {
              "tags": "reddit-app"
            },
            "local_disk": [],
            "metadata": {
              "ssh-keys": "ubuntu:ssh-rsa AAAAB3NzaC1yc2EAAAADAQABAAABgQCyHFWoGNaPdHoslZjEyQMcyg5eHZAqWYkHMMvNg/vKHwIYNk4+VZpzo8syYi9SuBVREnmg2pGafAd70Oz1QG7s/Wm5PofcoroXC367KUg7UMcIvMeonTo/2UohBdRTYmj16+6QxELkpyQcBNDxJZVUdDJa5UKrP9xxS+eaQIBf+13j+i52SXy8PfSrxK0iqZwdATbUTBtuiEU6U5FFBlSFgcP0UM9jZl6FDw5f0FH1wjK4fJb/jQ17wBOcDseuCgD28mmhFENq+PaDMxNbU12fOH2wRgbKeDW07w29yWb0wSbxy8LyXwgBU997q7f3QQgDljOWbfgqH8WKKircO3gBAX3MkwoZ8M7N67k5OWNlETGcH9tpnFOri5pgLE9/gqIiflvnFL8cR2WMaUHvBnn31RoXgXc7coc+DrJh3uI35TezufHkkdCG836+cB29Bb/l9BGWPQbB5qMLCYk5ruSZljNjKJhzN+bptIvCGs9epALXiqhY/yLC0+jHnlLGWg8= leekhan@leekhan\n"
            },
            "name": "docker-node-0",
            "network_acceleration_type": "standard",
            "network_interface": [
              {
                "dns_record": [],
                "index": 0,
                "ip_address": "10.10.10.28",
                "ipv4": true,
                "ipv6": false,
                "ipv6_address": "",
                "ipv6_dns_record": [],
                "mac_address": "d0:0d:1b:bc:f9:a7",
                "nat": true,
                "nat_dns_record": [],
                "nat_ip_address": "84.201.131.215",
                "nat_ip_version": "IPV4",
                "security_group_ids": [],
                "subnet_id": "e9b9hrs6vi8kbd8qf7vc"
              }
            ],
            "placement_policy": [
              {
                "host_affinity_rules": [],
                "placement_group_id": ""
              }
            ],
            "platform_id": "standard-v1",
            "resources": [
              {
                "core_fraction": 100,
                "cores": 2,
                "gpus": 0,
                "memory": 2
              }
            ],
            "scheduling_policy": [
              {
                "preemptible": false
              }
            ],
            "secondary_disk": [],
            "service_account_id": "",
            "status": "running",
            "timeouts": null,
            "zone": "ru-central1-a"
          },
          "sensitive_attributes": [],
          "private": "eyJlMmJmYjczMC1lY2FhLTExZTYtOGY4OC0zNDM2M2JjN2M0YzAiOnsiY3JlYXRlIjozMDAwMDAwMDAwMDAsImRlbGV0ZSI6MzAwMDAwMDAwMDAwLCJ1cGRhdGUiOjMwMDAwMDAwMDAwMH0sInNjaGVtYV92ZXJzaW9uIjoiMSJ9",
          "dependencies": [
            "module.vpc.yandex_vpc_subnet.app-subnet"
          ]
        }
      ]
    },
    {
      "module": "module.vpc",
      "mode": "managed",
      "type": "yandex_vpc_network",
      "name": "app-network",
      "provider": "provider[\"registry.terraform.io/yandex-cloud/yandex\"]",
      "instances": [
        {
          "schema_version": 0,
          "attributes": {
            "created_at": "2022-08-29T16:06:51Z",
            "default_security_group_id": "",
            "description": "",
            "folder_id": "b1grbdil1gurdt2q4rvj",
            "id": "enpcprpg42ebe5v4hikl",
            "labels": {},
            "name": "docker-network",
            "subnet_ids": [
              "e9b9hrs6vi8kbd8qf7vc"
            ],
            "timeouts": null
          },
          "sensitive_attributes": [],
          "private": "eyJlMmJmYjczMC1lY2FhLTExZTYtOGY4OC0zNDM2M2JjN2M0YzAiOnsiY3JlYXRlIjo2MDAwMDAwMDAwMCwiZGVsZXRlIjo2MDAwMDAwMDAwMCwidXBkYXRlIjo2MDAwMDAwMDAwMH19"
        }
      ]
    },
    {
      "module": "module.vpc",
      "mode": "managed",
      "type": "yandex_vpc_subnet",
      "name": "app-subnet",
      "provider": "provider[\"registry.terraform.io/yandex-cloud/yandex\"]",
      "instances": [
        {
          "schema_version": 0,
          "attributes": {
            "created_at": "2022-08-29T16:06:52Z",
            "description": "",
            "dhcp_options": [],
            "folder_id": "b1grbdil1gurdt2q4rvj",
            "id": "e9b9hrs6vi8kbd8qf7vc",
            "labels": {},
            "name": "app-subnet",
            "network_id": "enpcprpg42ebe5v4hikl",
            "route_table_id": "",
            "timeouts": null,
            "v4_cidr_blocks": [
              "10.10.10.0/24"
            ],
            "v6_cidr_blocks": [],
            "zone": "ru-central1-a"
          },
          "sensitive_attributes": [],
          "private": "eyJlMmJmYjczMC1lY2FhLTExZTYtOGY4OC0zNDM2M2JjN2M0YzAiOnsiY3JlYXRlIjoxODAwMDAwMDAwMDAsImRlbGV0ZSI6MTgwMDAwMDAwMDAwLCJ1cGRhdGUiOjE4MDAwMDAwMDAwMH19",
          "dependencies": [
            "module.vpc.yandex_vpc_network.app-network"
          ]
        }
      ]
    }
  ]
}
