{
  "version": 4,
  "terraform_version": "1.2.4",
  "serial": 13,
  "lineage": "eb5d67dc-a08f-d091-93f4-aef243304ac3",
  "outputs": {
    "external_ip_address_k8s": {
      "value": [
        "84.201.133.242",
        "51.250.66.232"
      ],
      "type": [
        "tuple",
        [
          "string",
          "string"
        ]
      ]
    }
  },
  "resources": [
    {
      "mode": "data",
      "type": "yandex_compute_image",
      "name": "ubuntu-image",
      "provider": "provider[\"registry.terraform.io/yandex-cloud/yandex\"]",
      "instances": [
        {
          "schema_version": 0,
          "attributes": {
            "created_at": "2022-08-22T10:46:20Z",
            "description": "ubuntu 20.04 lts",
            "family": "ubuntu-2004-lts",
            "folder_id": "standard-images",
            "id": "fd8kdq6d0p8sij7h5qe3",
            "image_id": "fd8kdq6d0p8sij7h5qe3",
            "labels": {},
            "min_disk_size": 5,
            "name": "ubuntu-20-04-lts-v20220822",
            "os_type": "linux",
            "pooled": true,
            "product_ids": [
              "f2er5d1rpg1psq16o2gc"
            ],
            "size": 4,
            "status": "ready"
          },
          "sensitive_attributes": []
        }
      ]
    },
    {
      "mode": "managed",
      "type": "local_file",
      "name": "inventory",
      "provider": "provider[\"registry.terraform.io/hashicorp/local\"]",
      "instances": [
        {
          "status": "tainted",
          "schema_version": 0,
          "attributes": {
            "content": "[master]\nk8s-0 ansible_host=84.201.133.242\n\n[workers]\nk8s-1 ansible_host=51.250.66.232\n",
            "content_base64": null,
            "directory_permission": "0777",
            "file_permission": "0777",
            "filename": "../ansible/inventory.ini",
            "id": "8a6b6fe47d416a9237ce5a5f9e354ebe77dc8bb5",
            "sensitive_content": null,
            "source": null
          },
          "sensitive_attributes": [],
          "private": "bnVsbA==",
          "dependencies": [
            "yandex_compute_instance.k8s"
          ]
        }
      ]
    },
    {
      "mode": "managed",
      "type": "yandex_compute_instance",
      "name": "k8s",
      "provider": "provider[\"registry.terraform.io/yandex-cloud/yandex\"]",
      "instances": [
        {
          "index_key": 0,
          "schema_version": 1,
          "attributes": {
            "allow_recreate": null,
            "allow_stopping_for_update": null,
            "boot_disk": [
              {
                "auto_delete": true,
                "device_name": "fhmcph0k4ajuvvfiridr",
                "disk_id": "fhmcph0k4ajuvvfiridr",
                "initialize_params": [
                  {
                    "block_size": 4096,
                    "description": "",
                    "image_id": "fd8kdq6d0p8sij7h5qe3",
                    "name": "",
                    "size": 40,
                    "snapshot_id": "",
                    "type": "network-ssd"
                  }
                ],
                "mode": "READ_WRITE"
              }
            ],
            "created_at": "2022-10-01T11:56:59Z",
            "description": "",
            "folder_id": "b1grbdil1gurdt2q4rvj",
            "fqdn": "fhmmpigdll7b9gck48j0.auto.internal",
            "hostname": "",
            "id": "fhmmpigdll7b9gck48j0",
            "labels": {},
            "local_disk": [],
            "metadata": {
              "ssh-keys": "ubuntu:ssh-rsa AAAAB3NzaC1yc2EAAAADAQABAAABgQCyHFWoGNaPdHoslZjEyQMcyg5eHZAqWYkHMMvNg/vKHwIYNk4+VZpzo8syYi9SuBVREnmg2pGafAd70Oz1QG7s/Wm5PofcoroXC367KUg7UMcIvMeonTo/2UohBdRTYmj16+6QxELkpyQcBNDxJZVUdDJa5UKrP9xxS+eaQIBf+13j+i52SXy8PfSrxK0iqZwdATbUTBtuiEU6U5FFBlSFgcP0UM9jZl6FDw5f0FH1wjK4fJb/jQ17wBOcDseuCgD28mmhFENq+PaDMxNbU12fOH2wRgbKeDW07w29yWb0wSbxy8LyXwgBU997q7f3QQgDljOWbfgqH8WKKircO3gBAX3MkwoZ8M7N67k5OWNlETGcH9tpnFOri5pgLE9/gqIiflvnFL8cR2WMaUHvBnn31RoXgXc7coc+DrJh3uI35TezufHkkdCG836+cB29Bb/l9BGWPQbB5qMLCYk5ruSZljNjKJhzN+bptIvCGs9epALXiqhY/yLC0+jHnlLGWg8= leekhan@leekhan\n"
            },
            "name": "k8s-0",
            "network_acceleration_type": "standard",
            "network_interface": [
              {
                "dns_record": [],
                "index": 0,
                "ip_address": "10.10.10.17",
                "ipv4": true,
                "ipv6": false,
                "ipv6_address": "",
                "ipv6_dns_record": [],
                "mac_address": "d0:0d:16:cc:a0:da",
                "nat": true,
                "nat_dns_record": [],
                "nat_ip_address": "84.201.133.242",
                "nat_ip_version": "IPV4",
                "security_group_ids": [],
                "subnet_id": "e9bf1m19v9mif5tceekr"
              }
            ],
            "placement_policy": [
              {
                "host_affinity_rules": [],
                "placement_group_id": ""
              }
            ],
            "platform_id": "standard-v1",
            "resources": [
              {
                "core_fraction": 100,
                "cores": 4,
                "gpus": 0,
                "memory": 4
              }
            ],
            "scheduling_policy": [
              {
                "preemptible": false
              }
            ],
            "secondary_disk": [],
            "service_account_id": "",
            "status": "running",
            "timeouts": null,
            "zone": "ru-central1-a"
          },
          "sensitive_attributes": [],
          "private": "eyJlMmJmYjczMC1lY2FhLTExZTYtOGY4OC0zNDM2M2JjN2M0YzAiOnsiY3JlYXRlIjozMDAwMDAwMDAwMDAsImRlbGV0ZSI6MzAwMDAwMDAwMDAwLCJ1cGRhdGUiOjMwMDAwMDAwMDAwMH0sInNjaGVtYV92ZXJzaW9uIjoiMSJ9",
          "dependencies": [
            "data.yandex_compute_image.ubuntu-image",
            "yandex_vpc_network.k8s-net",
            "yandex_vpc_subnet.k8s-subnet"
          ]
        },
        {
          "index_key": 1,
          "schema_version": 1,
          "attributes": {
            "allow_recreate": null,
            "allow_stopping_for_update": null,
            "boot_disk": [
              {
                "auto_delete": true,
                "device_name": "fhmrjv2j7lt8s7m29htu",
                "disk_id": "fhmrjv2j7lt8s7m29htu",
                "initialize_params": [
                  {
                    "block_size": 4096,
                    "description": "",
                    "image_id": "fd8kdq6d0p8sij7h5qe3",
                    "name": "",
                    "size": 40,
                    "snapshot_id": "",
                    "type": "network-ssd"
                  }
                ],
                "mode": "READ_WRITE"
              }
            ],
            "created_at": "2022-10-01T11:56:58Z",
            "description": "",
            "folder_id": "b1grbdil1gurdt2q4rvj",
            "fqdn": "fhmko9iu0bedrjv4tnos.auto.internal",
            "hostname": "",
            "id": "fhmko9iu0bedrjv4tnos",
            "labels": {},
            "local_disk": [],
            "metadata": {
              "ssh-keys": "ubuntu:ssh-rsa AAAAB3NzaC1yc2EAAAADAQABAAABgQCyHFWoGNaPdHoslZjEyQMcyg5eHZAqWYkHMMvNg/vKHwIYNk4+VZpzo8syYi9SuBVREnmg2pGafAd70Oz1QG7s/Wm5PofcoroXC367KUg7UMcIvMeonTo/2UohBdRTYmj16+6QxELkpyQcBNDxJZVUdDJa5UKrP9xxS+eaQIBf+13j+i52SXy8PfSrxK0iqZwdATbUTBtuiEU6U5FFBlSFgcP0UM9jZl6FDw5f0FH1wjK4fJb/jQ17wBOcDseuCgD28mmhFENq+PaDMxNbU12fOH2wRgbKeDW07w29yWb0wSbxy8LyXwgBU997q7f3QQgDljOWbfgqH8WKKircO3gBAX3MkwoZ8M7N67k5OWNlETGcH9tpnFOri5pgLE9/gqIiflvnFL8cR2WMaUHvBnn31RoXgXc7coc+DrJh3uI35TezufHkkdCG836+cB29Bb/l9BGWPQbB5qMLCYk5ruSZljNjKJhzN+bptIvCGs9epALXiqhY/yLC0+jHnlLGWg8= leekhan@leekhan\n"
            },
            "name": "k8s-1",
            "network_acceleration_type": "standard",
            "network_interface": [
              {
                "dns_record": [],
                "index": 0,
                "ip_address": "10.10.10.19",
                "ipv4": true,
                "ipv6": false,
                "ipv6_address": "",
                "ipv6_dns_record": [],
                "mac_address": "d0:0d:14:c2:65:e0",
                "nat": true,
                "nat_dns_record": [],
                "nat_ip_address": "51.250.66.232",
                "nat_ip_version": "IPV4",
                "security_group_ids": [],
                "subnet_id": "e9bf1m19v9mif5tceekr"
              }
            ],
            "placement_policy": [
              {
                "host_affinity_rules": [],
                "placement_group_id": ""
              }
            ],
            "platform_id": "standard-v1",
            "resources": [
              {
                "core_fraction": 100,
                "cores": 4,
                "gpus": 0,
                "memory": 4
              }
            ],
            "scheduling_policy": [
              {
                "preemptible": false
              }
            ],
            "secondary_disk": [],
            "service_account_id": "",
            "status": "running",
            "timeouts": null,
            "zone": "ru-central1-a"
          },
          "sensitive_attributes": [],
          "private": "eyJlMmJmYjczMC1lY2FhLTExZTYtOGY4OC0zNDM2M2JjN2M0YzAiOnsiY3JlYXRlIjozMDAwMDAwMDAwMDAsImRlbGV0ZSI6MzAwMDAwMDAwMDAwLCJ1cGRhdGUiOjMwMDAwMDAwMDAwMH0sInNjaGVtYV92ZXJzaW9uIjoiMSJ9",
          "dependencies": [
            "data.yandex_compute_image.ubuntu-image",
            "yandex_vpc_network.k8s-net",
            "yandex_vpc_subnet.k8s-subnet"
          ]
        }
      ]
    },
    {
      "mode": "managed",
      "type": "yandex_vpc_network",
      "name": "k8s-net",
      "provider": "provider[\"registry.terraform.io/yandex-cloud/yandex\"]",
      "instances": [
        {
          "schema_version": 0,
          "attributes": {
            "created_at": "2022-10-01T11:56:55Z",
            "default_security_group_id": "",
            "description": "",
            "folder_id": "b1grbdil1gurdt2q4rvj",
            "id": "enp6953jf4uav9kqmkio",
            "labels": {},
            "name": "k8s-network",
            "subnet_ids": [
              "e9bf1m19v9mif5tceekr"
            ],
            "timeouts": null
          },
          "sensitive_attributes": [],
          "private": "eyJlMmJmYjczMC1lY2FhLTExZTYtOGY4OC0zNDM2M2JjN2M0YzAiOnsiY3JlYXRlIjo2MDAwMDAwMDAwMCwiZGVsZXRlIjo2MDAwMDAwMDAwMCwidXBkYXRlIjo2MDAwMDAwMDAwMH19"
        }
      ]
    },
    {
      "mode": "managed",
      "type": "yandex_vpc_subnet",
      "name": "k8s-subnet",
      "provider": "provider[\"registry.terraform.io/yandex-cloud/yandex\"]",
      "instances": [
        {
          "schema_version": 0,
          "attributes": {
            "created_at": "2022-10-01T11:56:57Z",
            "description": "",
            "dhcp_options": [],
            "folder_id": "b1grbdil1gurdt2q4rvj",
            "id": "e9bf1m19v9mif5tceekr",
            "labels": {},
            "name": "k8s-subnet1",
            "network_id": "enp6953jf4uav9kqmkio",
            "route_table_id": "",
            "timeouts": null,
            "v4_cidr_blocks": [
              "10.10.10.0/24"
            ],
            "v6_cidr_blocks": [],
            "zone": "ru-central1-a"
          },
          "sensitive_attributes": [],
          "private": "eyJlMmJmYjczMC1lY2FhLTExZTYtOGY4OC0zNDM2M2JjN2M0YzAiOnsiY3JlYXRlIjoxODAwMDAwMDAwMDAsImRlbGV0ZSI6MTgwMDAwMDAwMDAwLCJ1cGRhdGUiOjE4MDAwMDAwMDAwMH19",
          "dependencies": [
            "yandex_vpc_network.k8s-net"
          ]
        }
      ]
    }
  ]
}
